
Microsoft Visual Studio Solution File, Format Version 12.00
# Visual Studio Version 17
VisualStudioVersion = 17.14.36623.8 d17.14
MinimumVisualStudioVersion = 10.0.40219.1
Project("{FAE04EC0-301F-11D3-BF4B-00C04F79EFBC}") = "ICDControl", "ICDControl\ICDControl.csproj", "{A027EC0A-0ADB-489A-8EC6-38816A3CDDA6}"
EndProject
Global
	GlobalSection(SolutionConfigurationPlatforms) = preSolution
		Debug|Any CPU = Debug|Any CPU
		Release|Any CPU = Release|Any CPU
	EndGlobalSection
	GlobalSection(ProjectConfigurationPlatforms) = postSolution
		{A027EC0A-0ADB-489A-8EC6-38816A3CDDA6}.Debug|Any CPU.ActiveCfg = Debug|Any CPU
		{A027EC0A-0ADB-489A-8EC6-38816A3CDDA6}.Debug|Any CPU.Build.0 = Debug|Any CPU
		{A027EC0A-0ADB-489A-8EC6-38816A3CDDA6}.Release|Any CPU.ActiveCfg = Release|Any CPU
		{A027EC0A-0ADB-489A-8EC6-38816A3CDDA6}.Release|Any CPU.Build.0 = Release|Any CPU
	EndGlobalSection
	GlobalSection(SolutionProperties) = preSolution
		HideSolutionNode = FALSE
	EndGlobalSection
	GlobalSection(ExtensibilityGlobals) = postSolution
		SolutionGuid = {BFA66EE6-6A4A-4A70-BD61-0771B4894728}
	EndGlobalSection
EndGlobal
